PODS:
  - PKHUD (5.2.1)
  - RxAtomic (4.4.0)
  - RxCocoa (4.4.0):
    - RxSwift (~> 4.0)
  - RxSwift (4.4.0):
    - RxAtomic (~> 4.4)

DEPENDENCIES:
  - PKHUD
  - RxCocoa
  - RxSwift

SPEC REPOS:
  https://github.com/cocoapods/specs.git:
    - PKHUD
    - RxAtomic
    - RxCocoa
    - RxSwift

SPEC CHECKSUMS:
  PKHUD: 4e6162c4c39ac367c6934e9855c6b4762ee16256
  RxAtomic: eacf60db868c96bfd63320e28619fe29c179656f
  RxCocoa: df63ebf7b9a70d6b4eeea407ed5dd4efc8979749
  RxSwift: 5976ecd04fc2fefd648827c23de5e11157faa973

PODFILE CHECKSUM: db55192e3cb39ee8f3f38278d8309867ec42bdf5

COCOAPODS: 1.6.1
